
Microsoft Visual Studio Solution File, Format Version 12.00
# Visual Studio Version 17
VisualStudioVersion = 17.7.34202.233
MinimumVisualStudioVersion = 10.0.40219.1
Project("{FAE04EC0-301F-11D3-BF4B-00C04F79EFBC}") = "PFA", "PFA\PFA.csproj", "{93F52926-D492-4BA8-83E5-4E9FC9DC87ED}"
EndProject
Global
	GlobalSection(SolutionConfigurationPlatforms) = preSolution
		Debug|Any CPU = Debug|Any CPU
		Release|Any CPU = Release|Any CPU
	EndGlobalSection
	GlobalSection(ProjectConfigurationPlatforms) = postSolution
		{93F52926-D492-4BA8-83E5-4E9FC9DC87ED}.Debug|Any CPU.ActiveCfg = Debug|Any CPU
		{93F52926-D492-4BA8-83E5-4E9FC9DC87ED}.Debug|Any CPU.Build.0 = Debug|Any CPU
		{93F52926-D492-4BA8-83E5-4E9FC9DC87ED}.Release|Any CPU.ActiveCfg = Release|Any CPU
		{93F52926-D492-4BA8-83E5-4E9FC9DC87ED}.Release|Any CPU.Build.0 = Release|Any CPU
	EndGlobalSection
	GlobalSection(SolutionProperties) = preSolution
		HideSolutionNode = FALSE
	EndGlobalSection
	GlobalSection(ExtensibilityGlobals) = postSolution
		SolutionGuid = {5C9C8721-68DC-44D9-8F35-4D413716B67B}
	EndGlobalSection
EndGlobal
